// !$*UTF8*$!
{
	archiveVersion = 1;
	classes = {
	};
	objectVersion = 50;
	objects = {

/* Begin PBXBuildFile section */
		2CD72FE6F1F10FFA4FAAE383 /* Pods_DemoApp.framework in Frameworks */ = {isa = PBXBuildFile; fileRef = 7F93D6567B7DF45178968497 /* Pods_DemoApp.framework */; };
		912034E6235C20A700685293 /* AppDelegate.swift in Sources */ = {isa = PBXBuildFile; fileRef = 912034E5235C20A700685293 /* AppDelegate.swift */; };
		912034E8235C20A700685293 /* SceneDelegate.swift in Sources */ = {isa = PBXBuildFile; fileRef = 912034E7235C20A700685293 /* SceneDelegate.swift */; };
		912034EA235C20A700685293 /* ViewController.swift in Sources */ = {isa = PBXBuildFile; fileRef = 912034E9235C20A700685293 /* ViewController.swift */; };
		912034ED235C20A700685293 /* Main.storyboard in Resources */ = {isa = PBXBuildFile; fileRef = 912034EB235C20A700685293 /* Main.storyboard */; };
		912034EF235C20A800685293 /* Assets.xcassets in Resources */ = {isa = PBXBuildFile; fileRef = 912034EE235C20A800685293 /* Assets.xcassets */; };
		912034F2235C20A800685293 /* LaunchScreen.storyboard in Resources */ = {isa = PBXBuildFile; fileRef = 912034F0235C20A800685293 /* LaunchScreen.storyboard */; };
		912034FB235C308300685293 /* DemoHomeVC.swift in Sources */ = {isa = PBXBuildFile; fileRef = 912034F9235C308300685293 /* DemoHomeVC.swift */; };
		912034FF235C34EB00685293 /* DemoTabBarController.swift in Sources */ = {isa = PBXBuildFile; fileRef = 912034FD235C34EB00685293 /* DemoTabBarController.swift */; };
		91203503235C3F7F00685293 /* DemoClassifyVC.swift in Sources */ = {isa = PBXBuildFile; fileRef = 91203501235C3F7F00685293 /* DemoClassifyVC.swift */; };
		91203504235C3F7F00685293 /* DemoClassifyVC.xib in Resources */ = {isa = PBXBuildFile; fileRef = 91203502235C3F7F00685293 /* DemoClassifyVC.xib */; };
		91203507235C6C3200685293 /* DemoShoppingCartVC.swift in Sources */ = {isa = PBXBuildFile; fileRef = 91203505235C6C3200685293 /* DemoShoppingCartVC.swift */; };
		91203508235C6C3200685293 /* DemoShoppingCartVC.xib in Resources */ = {isa = PBXBuildFile; fileRef = 91203506235C6C3200685293 /* DemoShoppingCartVC.xib */; };
		9120350B235C6C8300685293 /* DemoOrderVC.swift in Sources */ = {isa = PBXBuildFile; fileRef = 91203509235C6C8300685293 /* DemoOrderVC.swift */; };
		9120350C235C6C8300685293 /* DemoOrderVC.xib in Resources */ = {isa = PBXBuildFile; fileRef = 9120350A235C6C8300685293 /* DemoOrderVC.xib */; };
/* End PBXBuildFile section */

/* Begin PBXFileReference section */
		7F93D6567B7DF45178968497 /* Pods_DemoApp.framework */ = {isa = PBXFileReference; explicitFileType = wrapper.framework; includeInIndex = 0; path = Pods_DemoApp.framework; sourceTree = BUILT_PRODUCTS_DIR; };
		8B4F9197085E9B4C7BBA9058 /* Pods-DemoApp.debug.xcconfig */ = {isa = PBXFileReference; includeInIndex = 1; lastKnownFileType = text.xcconfig; name = "Pods-DemoApp.debug.xcconfig"; path = "Target Support Files/Pods-DemoApp/Pods-DemoApp.debug.xcconfig"; sourceTree = "<group>"; };
		912034E2235C20A700685293 /* DemoApp.app */ = {isa = PBXFileReference; explicitFileType = wrapper.application; includeInIndex = 0; path = DemoApp.app; sourceTree = BUILT_PRODUCTS_DIR; };
		912034E5235C20A700685293 /* AppDelegate.swift */ = {isa = PBXFileReference; lastKnownFileType = sourcecode.swift; path = AppDelegate.swift; sourceTree = "<group>"; };
		912034E7235C20A700685293 /* SceneDelegate.swift */ = {isa = PBXFileReference; lastKnownFileType = sourcecode.swift; path = SceneDelegate.swift; sourceTree = "<group>"; };
		912034E9235C20A700685293 /* ViewController.swift */ = {isa = PBXFileReference; lastKnownFileType = sourcecode.swift; path = ViewController.swift; sourceTree = "<group>"; };
		912034EC235C20A700685293 /* Base */ = {isa = PBXFileReference; lastKnownFileType = file.storyboard; name = Base; path = Base.lproj/Main.storyboard; sourceTree = "<group>"; };
		912034EE235C20A800685293 /* Assets.xcassets */ = {isa = PBXFileReference; lastKnownFileType = folder.assetcatalog; path = Assets.xcassets; sourceTree = "<group>"; };
		912034F1235C20A800685293 /* Base */ = {isa = PBXFileReference; lastKnownFileType = file.storyboard; name = Base; path = Base.lproj/LaunchScreen.storyboard; sourceTree = "<group>"; };
		912034F3235C20A800685293 /* Info.plist */ = {isa = PBXFileReference; lastKnownFileType = text.plist.xml; path = Info.plist; sourceTree = "<group>"; };
		912034F9235C308300685293 /* DemoHomeVC.swift */ = {isa = PBXFileReference; lastKnownFileType = sourcecode.swift; path = DemoHomeVC.swift; sourceTree = "<group>"; };
		912034FD235C34EB00685293 /* DemoTabBarController.swift */ = {isa = PBXFileReference; lastKnownFileType = sourcecode.swift; path = DemoTabBarController.swift; sourceTree = "<group>"; };
		91203501235C3F7F00685293 /* DemoClassifyVC.swift */ = {isa = PBXFileReference; lastKnownFileType = sourcecode.swift; path = DemoClassifyVC.swift; sourceTree = "<group>"; };
		91203502235C3F7F00685293 /* DemoClassifyVC.xib */ = {isa = PBXFileReference; lastKnownFileType = file.xib; path = DemoClassifyVC.xib; sourceTree = "<group>"; };
		91203505235C6C3200685293 /* DemoShoppingCartVC.swift */ = {isa = PBXFileReference; lastKnownFileType = sourcecode.swift; path = DemoShoppingCartVC.swift; sourceTree = "<group>"; };
		91203506235C6C3200685293 /* DemoShoppingCartVC.xib */ = {isa = PBXFileReference; lastKnownFileType = file.xib; path = DemoShoppingCartVC.xib; sourceTree = "<group>"; };
		91203509235C6C8300685293 /* DemoOrderVC.swift */ = {isa = PBXFileReference; lastKnownFileType = sourcecode.swift; path = DemoOrderVC.swift; sourceTree = "<group>"; };
		9120350A235C6C8300685293 /* DemoOrderVC.xib */ = {isa = PBXFileReference; lastKnownFileType = file.xib; path = DemoOrderVC.xib; sourceTree = "<group>"; };
		E8A55AB0CF6BAEF201A2C615 /* Pods-DemoApp.release.xcconfig */ = {isa = PBXFileReference; includeInIndex = 1; lastKnownFileType = text.xcconfig; name = "Pods-DemoApp.release.xcconfig"; path = "Target Support Files/Pods-DemoApp/Pods-DemoApp.release.xcconfig"; sourceTree = "<group>"; };
/* End PBXFileReference section */

/* Begin PBXFrameworksBuildPhase section */
		912034DF235C20A700685293 /* Frameworks */ = {
			isa = PBXFrameworksBuildPhase;
			buildActionMask = 2147483647;
			files = (
				2CD72FE6F1F10FFA4FAAE383 /* Pods_DemoApp.framework in Frameworks */,
			);
			runOnlyForDeploymentPostprocessing = 0;
		};
/* End PBXFrameworksBuildPhase section */

/* Begin PBXGroup section */
		214AE928018C2B2632FA6CC3 /* Frameworks */ = {
			isa = PBXGroup;
			children = (
				7F93D6567B7DF45178968497 /* Pods_DemoApp.framework */,
			);
			name = Frameworks;
			sourceTree = "<group>";
		};
		912034D9235C20A600685293 = {
			isa = PBXGroup;
			children = (
				912034E4235C20A700685293 /* DemoApp */,
				912034E3235C20A700685293 /* Products */,
				B88919F4ABC4AAC7ABD5DB55 /* Pods */,
				214AE928018C2B2632FA6CC3 /* Frameworks */,
			);
			sourceTree = "<group>";
		};
		912034E3235C20A700685293 /* Products */ = {
			isa = PBXGroup;
			children = (
				912034E2235C20A700685293 /* DemoApp.app */,
			);
			name = Products;
			sourceTree = "<group>";
		};
		912034E4235C20A700685293 /* DemoApp */ = {
			isa = PBXGroup;
			children = (
				912034E5235C20A700685293 /* AppDelegate.swift */,
				912034E7235C20A700685293 /* SceneDelegate.swift */,
				912034E9235C20A700685293 /* ViewController.swift */,
				912034EB235C20A700685293 /* Main.storyboard */,
				912034EE235C20A800685293 /* Assets.xcassets */,
				912034F0235C20A800685293 /* LaunchScreen.storyboard */,
				912034F3235C20A800685293 /* Info.plist */,
				912034F9235C308300685293 /* DemoHomeVC.swift */,
				912034FD235C34EB00685293 /* DemoTabBarController.swift */,
				91203501235C3F7F00685293 /* DemoClassifyVC.swift */,
				91203502235C3F7F00685293 /* DemoClassifyVC.xib */,
				91203505235C6C3200685293 /* DemoShoppingCartVC.swift */,
				91203506235C6C3200685293 /* DemoShoppingCartVC.xib */,
				91203509235C6C8300685293 /* DemoOrderVC.swift */,
				9120350A235C6C8300685293 /* DemoOrderVC.xib */,
			);
			path = DemoApp;
			sourceTree = "<group>";
		};
		B88919F4ABC4AAC7ABD5DB55 /* Pods */ = {
			isa = PBXGroup;
			children = (
				8B4F9197085E9B4C7BBA9058 /* Pods-DemoApp.debug.xcconfig */,
				E8A55AB0CF6BAEF201A2C615 /* Pods-DemoApp.release.xcconfig */,
			);
			name = Pods;
			path = Pods;
			sourceTree = "<group>";
		};
/* End PBXGroup section */

/* Begin PBXNativeTarget section */
		912034E1235C20A700685293 /* DemoApp */ = {
			isa = PBXNativeTarget;
			buildConfigurationList = 912034F6235C20A800685293 /* Build configuration list for PBXNativeTarget "DemoApp" */;
			buildPhases = (
				4C3AEDFFF4809B553597E3A3 /* [CP] Check Pods Manifest.lock */,
				912034DE235C20A700685293 /* Sources */,
				912034DF235C20A700685293 /* Frameworks */,
				912034E0235C20A700685293 /* Resources */,
				A05CB8B4A45AA3D10AE87626 /* [CP] Embed Pods Frameworks */,
			);
			buildRules = (
			);
			dependencies = (
			);
			name = DemoApp;
			productName = DemoApp;
			productReference = 912034E2235C20A700685293 /* DemoApp.app */;
			productType = "com.apple.product-type.application";
		};
/* End PBXNativeTarget section */

/* Begin PBXProject section */
		912034DA235C20A600685293 /* Project object */ = {
			isa = PBXProject;
			attributes = {
				LastSwiftUpdateCheck = 1110;
				LastUpgradeCheck = 1110;
				ORGANIZATIONNAME = "蒋俊";
				TargetAttributes = {
					912034E1235C20A700685293 = {
						CreatedOnToolsVersion = 11.1;
					};
				};
			};
			buildConfigurationList = 912034DD235C20A600685293 /* Build configuration list for PBXProject "DemoApp" */;
			compatibilityVersion = "Xcode 9.3";
			developmentRegion = en;
			hasScannedForEncodings = 0;
			knownRegions = (
				en,
				Base,
			);
			mainGroup = 912034D9235C20A600685293;
			productRefGroup = 912034E3235C20A700685293 /* Products */;
			projectDirPath = "";
			projectRoot = "";
			targets = (
				912034E1235C20A700685293 /* DemoApp */,
			);
		};
/* End PBXProject section */

/* Begin PBXResourcesBuildPhase section */
		912034E0235C20A700685293 /* Resources */ = {
			isa = PBXResourcesBuildPhase;
			buildActionMask = 2147483647;
			files = (
				912034F2235C20A800685293 /* LaunchScreen.storyboard in Resources */,
				912034EF235C20A800685293 /* Assets.xcassets in Resources */,
				912034ED235C20A700685293 /* Main.storyboard in Resources */,
				91203508235C6C3200685293 /* DemoShoppingCartVC.xib in Resources */,
				9120350C235C6C8300685293 /* DemoOrderVC.xib in Resources */,
				91203504235C3F7F00685293 /* DemoClassifyVC.xib in Resources */,
			);
			runOnlyForDeploymentPostprocessing = 0;
		};
/* End PBXResourcesBuildPhase section */

/* Begin PBXShellScriptBuildPhase section */
		4C3AEDFFF4809B553597E3A3 /* [CP] Check Pods Manifest.lock */ = {
			isa = PBXShellScriptBuildPhase;
			buildActionMask = 2147483647;
			files = (
			);
			inputFileListPaths = (
			);
			inputPaths = (
				"${PODS_PODFILE_DIR_PATH}/Podfile.lock",
				"${PODS_ROOT}/Manifest.lock",
			);
			name = "[CP] Check Pods Manifest.lock";
			outputFileListPaths = (
			);
			outputPaths = (
				"$(DERIVED_FILE_DIR)/Pods-DemoApp-checkManifestLockResult.txt",
			);
			runOnlyForDeploymentPostprocessing = 0;
			shellPath = /bin/sh;
			shellScript = "diff \"${PODS_PODFILE_DIR_PATH}/Podfile.lock\" \"${PODS_ROOT}/Manifest.lock\" > /dev/null\nif [ $? != 0 ] ; then\n    # print error to STDERR\n    echo \"error: The sandbox is not in sync with the Podfile.lock. Run 'pod install' or update your CocoaPods installation.\" >&2\n    exit 1\nfi\n# This output is used by Xcode 'outputs' to avoid re-running this script phase.\necho \"SUCCESS\" > \"${SCRIPT_OUTPUT_FILE_0}\"\n";
			showEnvVarsInLog = 0;
		};
		A05CB8B4A45AA3D10AE87626 /* [CP] Embed Pods Frameworks */ = {
			isa = PBXShellScriptBuildPhase;
			buildActionMask = 2147483647;
			files = (
			);
			inputFileListPaths = (
				"${PODS_ROOT}/Target Support Files/Pods-DemoApp/Pods-DemoApp-frameworks-${CONFIGURATION}-input-files.xcfilelist",
			);
			name = "[CP] Embed Pods Frameworks";
			outputFileListPaths = (
				"${PODS_ROOT}/Target Support Files/Pods-DemoApp/Pods-DemoApp-frameworks-${CONFIGURATION}-output-files.xcfilelist",
			);
			runOnlyForDeploymentPostprocessing = 0;
			shellPath = /bin/sh;
			shellScript = "\"${PODS_ROOT}/Target Support Files/Pods-DemoApp/Pods-DemoApp-frameworks.sh\"\n";
			showEnvVarsInLog = 0;
		};
/* End PBXShellScriptBuildPhase section */

/* Begin PBXSourcesBuildPhase section */
		912034DE235C20A700685293 /* Sources */ = {
			isa = PBXSourcesBuildPhase;
			buildActionMask = 2147483647;
			files = (
				912034EA235C20A700685293 /* ViewController.swift in Sources */,
				912034E6235C20A700685293 /* AppDelegate.swift in Sources */,
				912034E8235C20A700685293 /* SceneDelegate.swift in Sources */,
				912034FB235C308300685293 /* DemoHomeVC.swift in Sources */,
				912034FF235C34EB00685293 /* DemoTabBarController.swift in Sources */,
				91203503235C3F7F00685293 /* DemoClassifyVC.swift in Sources */,
				9120350B235C6C8300685293 /* DemoOrderVC.swift in Sources */,
				91203507235C6C3200685293 /* DemoShoppingCartVC.swift in Sources */,
			);
			runOnlyForDeploymentPostprocessing = 0;
		};
/* End PBXSourcesBuildPhase section */

/* Begin PBXVariantGroup section */
		912034EB235C20A700685293 /* Main.storyboard */ = {
			isa = PBXVariantGroup;
			children = (
				912034EC235C20A700685293 /* Base */,
			);
			name = Main.storyboard;
			sourceTree = "<group>";
		};
		912034F0235C20A800685293 /* LaunchScreen.storyboard */ = {
			isa = PBXVariantGroup;
			children = (
				912034F1235C20A800685293 /* Base */,
			);
			name = LaunchScreen.storyboard;
			sourceTree = "<group>";
		};
/* End PBXVariantGroup section */

/* Begin XCBuildConfiguration section */
		912034F4235C20A800685293 /* Debug */ = {
			isa = XCBuildConfiguration;
			buildSettings = {
				ALWAYS_SEARCH_USER_PATHS = NO;
				CLANG_ANALYZER_NONNULL = YES;
				CLANG_ANALYZER_NUMBER_OBJECT_CONVERSION = YES_AGGRESSIVE;
				CLANG_CXX_LANGUAGE_STANDARD = "gnu++14";
				CLANG_CXX_LIBRARY = "libc++";
				CLANG_ENABLE_MODULES = YES;
				CLANG_ENABLE_OBJC_ARC = YES;
				CLANG_ENABLE_OBJC_WEAK = YES;
				CLANG_WARN_BLOCK_CAPTURE_AUTORELEASING = YES;
				CLANG_WARN_BOOL_CONVERSION = YES;
				CLANG_WARN_COMMA = YES;
				CLANG_WARN_CONSTANT_CONVERSION = YES;
				CLANG_WARN_DEPRECATED_OBJC_IMPLEMENTATIONS = YES;
				CLANG_WARN_DIRECT_OBJC_ISA_USAGE = YES_ERROR;
				CLANG_WARN_DOCUMENTATION_COMMENTS = YES;
				CLANG_WARN_EMPTY_BODY = YES;
				CLANG_WARN_ENUM_CONVERSION = YES;
				CLANG_WARN_INFINITE_RECURSION = YES;
				CLANG_WARN_INT_CONVERSION = YES;
				CLANG_WARN_NON_LITERAL_NULL_CONVERSION = YES;
				CLANG_WARN_OBJC_IMPLICIT_RETAIN_SELF = YES;
				CLANG_WARN_OBJC_LITERAL_CONVERSION = YES;
				CLANG_WARN_OBJC_ROOT_CLASS = YES_ERROR;
				CLANG_WARN_RANGE_LOOP_ANALYSIS = YES;
				CLANG_WARN_STRICT_PROTOTYPES = YES;
				CLANG_WARN_SUSPICIOUS_MOVE = YES;
				CLANG_WARN_UNGUARDED_AVAILABILITY = YES_AGGRESSIVE;
				CLANG_WARN_UNREACHABLE_CODE = YES;
				CLANG_WARN__DUPLICATE_METHOD_MATCH = YES;
				COPY_PHASE_STRIP = NO;
				DEBUG_INFORMATION_FORMAT = dwarf;
				ENABLE_STRICT_OBJC_MSGSEND = YES;
				ENABLE_TESTABILITY = YES;
				GCC_C_LANGUAGE_STANDARD = gnu11;
				GCC_DYNAMIC_NO_PIC = NO;
				GCC_NO_COMMON_BLOCKS = YES;
				GCC_OPTIMIZATION_LEVEL = 0;
				GCC_PREPROCESSOR_DEFINITIONS = (
					"DEBUG=1",
					"$(inherited)",
				);
				GCC_WARN_64_TO_32_BIT_CONVERSION = YES;
				GCC_WARN_ABOUT_RETURN_TYPE = YES_ERROR;
				GCC_WARN_UNDECLARED_SELECTOR = YES;
				GCC_WARN_UNINITIALIZED_AUTOS = YES_AGGRESSIVE;
				GCC_WARN_UNUSED_FUNCTION = YES;
				GCC_WARN_UNUSED_VARIABLE = YES;
				IPHONEOS_DEPLOYMENT_TARGET = 13.1;
				MTL_ENABLE_DEBUG_INFO = INCLUDE_SOURCE;
				MTL_FAST_MATH = YES;
				ONLY_ACTIVE_ARCH = YES;
				SDKROOT = iphoneos;
				SWIFT_ACTIVE_COMPILATION_CONDITIONS = DEBUG;
				SWIFT_OPTIMIZATION_LEVEL = "-Onone";
			};
			name = Debug;
		};
		912034F5235C20A800685293 /* Release */ = {
			isa = XCBuildConfiguration;
			buildSettings = {
				ALWAYS_SEARCH_USER_PATHS = NO;
				CLANG_ANALYZER_NONNULL = YES;
				CLANG_ANALYZER_NUMBER_OBJECT_CONVERSION = YES_AGGRESSIVE;
				CLANG_CXX_LANGUAGE_STANDARD = "gnu++14";
				CLANG_CXX_LIBRARY = "libc++";
				CLANG_ENABLE_MODULES = YES;
				CLANG_ENABLE_OBJC_ARC = YES;
				CLANG_ENABLE_OBJC_WEAK = YES;
				CLANG_WARN_BLOCK_CAPTURE_AUTORELEASING = YES;
				CLANG_WARN_BOOL_CONVERSION = YES;
				CLANG_WARN_COMMA = YES;
				CLANG_WARN_CONSTANT_CONVERSION = YES;
				CLANG_WARN_DEPRECATED_OBJC_IMPLEMENTATIONS = YES;
				CLANG_WARN_DIRECT_OBJC_ISA_USAGE = YES_ERROR;
				CLANG_WARN_DOCUMENTATION_COMMENTS = YES;
				CLANG_WARN_EMPTY_BODY = YES;
				CLANG_WARN_ENUM_CONVERSION = YES;
				CLANG_WARN_INFINITE_RECURSION = YES;
				CLANG_WARN_INT_CONVERSION = YES;
				CLANG_WARN_NON_LITERAL_NULL_CONVERSION = YES;
				CLANG_WARN_OBJC_IMPLICIT_RETAIN_SELF = YES;
				CLANG_WARN_OBJC_LITERAL_CONVERSION = YES;
				CLANG_WARN_OBJC_ROOT_CLASS = YES_ERROR;
				CLANG_WARN_RANGE_LOOP_ANALYSIS = YES;
				CLANG_WARN_STRICT_PROTOTYPES = YES;
				CLANG_WARN_SUSPICIOUS_MOVE = YES;
				CLANG_WARN_UNGUARDED_AVAILABILITY = YES_AGGRESSIVE;
				CLANG_WARN_UNREACHABLE_CODE = YES;
				CLANG_WARN__DUPLICATE_METHOD_MATCH = YES;
				COPY_PHASE_STRIP = NO;
				DEBUG_INFORMATION_FORMAT = "dwarf-with-dsym";
				ENABLE_NS_ASSERTIONS = NO;
				ENABLE_STRICT_OBJC_MSGSEND = YES;
				GCC_C_LANGUAGE_STANDARD = gnu11;
				GCC_NO_COMMON_BLOCKS = YES;
				GCC_WARN_64_TO_32_BIT_CONVERSION = YES;
				GCC_WARN_ABOUT_RETURN_TYPE = YES_ERROR;
				GCC_WARN_UNDECLARED_SELECTOR = YES;
				GCC_WARN_UNINITIALIZED_AUTOS = YES_AGGRESSIVE;
				GCC_WARN_UNUSED_FUNCTION = YES;
				GCC_WARN_UNUSED_VARIABLE = YES;
				IPHONEOS_DEPLOYMENT_TARGET = 13.1;
				MTL_ENABLE_DEBUG_INFO = NO;
				MTL_FAST_MATH = YES;
				SDKROOT = iphoneos;
				SWIFT_COMPILATION_MODE = wholemodule;
				SWIFT_OPTIMIZATION_LEVEL = "-O";
				VALIDATE_PRODUCT = YES;
			};
			name = Release;
		};
		912034F7235C20A800685293 /* Debug */ = {
			isa = XCBuildConfiguration;
			baseConfigurationReference = 8B4F9197085E9B4C7BBA9058 /* Pods-DemoApp.debug.xcconfig */;
			buildSettings = {
				ASSETCATALOG_COMPILER_APPICON_NAME = AppIcon;
				CODE_SIGN_STYLE = Automatic;
				DEVELOPMENT_TEAM = 9RVBMR5MGX;
				INFOPLIST_FILE = DemoApp/Info.plist;
				LD_RUNPATH_SEARCH_PATHS = (
					"$(inherited)",
					"@executable_path/Frameworks",
				);
				PRODUCT_BUNDLE_IDENTIFIER = meiyouzuzhi.DemoApp;
				PRODUCT_NAME = "$(TARGET_NAME)";
				SWIFT_VERSION = 5.0;
				TARGETED_DEVICE_FAMILY = "1,2";
			};
			name = Debug;
		};
		912034F8235C20A800685293 /* Release */ = {
			isa = XCBuildConfiguration;
			baseConfigurationReference = E8A55AB0CF6BAEF201A2C615 /* Pods-DemoApp.release.xcconfig */;
			buildSettings = {
				ASSETCATALOG_COMPILER_APPICON_NAME = AppIcon;
				CODE_SIGN_STYLE = Automatic;
				DEVELOPMENT_TEAM = 9RVBMR5MGX;
				INFOPLIST_FILE = DemoApp/Info.plist;
				LD_RUNPATH_SEARCH_PATHS = (
					"$(inherited)",
					"@executable_path/Frameworks",
				);
				PRODUCT_BUNDLE_IDENTIFIER = meiyouzuzhi.DemoApp;
				PRODUCT_NAME = "$(TARGET_NAME)";
				SWIFT_VERSION = 5.0;
				TARGETED_DEVICE_FAMILY = "1,2";
			};
			name = Release;
		};
/* End XCBuildConfiguration section */

/* Begin XCConfigurationList section */
		912034DD235C20A600685293 /* Build configuration list for PBXProject "DemoApp" */ = {
			isa = XCConfigurationList;
			buildConfigurations = (
				912034F4235C20A800685293 /* Debug */,
				912034F5235C20A800685293 /* Release */,
			);
			defaultConfigurationIsVisible = 0;
			defaultConfigurationName = Release;
		};
		912034F6235C20A800685293 /* Build configuration list for PBXNativeTarget "DemoApp" */ = {
			isa = XCConfigurationList;
			buildConfigurations = (
				912034F7235C20A800685293 /* Debug */,
				912034F8235C20A800685293 /* Release */,
			);
			defaultConfigurationIsVisible = 0;
			defaultConfigurationName = Release;
		};
/* End XCConfigurationList section */
	};
	rootObject = 912034DA235C20A600685293 /* Project object */;
}
